// !$*UTF8*$!
{
	archiveVersion = 1;
	classes = {
	};
	objectVersion = 55;
	objects = {

/* Begin PBXBuildFile section */
		FC03DC3428CF3ADE00B88553 /* UINavigationController+Extension.swift in Sources */ = {isa = PBXBuildFile; fileRef = FC03DC3328CF3ADE00B88553 /* UINavigationController+Extension.swift */; };
		FC03DC3628CF3AEB00B88553 /* Date+Extension.swift in Sources */ = {isa = PBXBuildFile; fileRef = FC03DC3528CF3AEB00B88553 /* Date+Extension.swift */; };
		FC03DC3C28CF3BDD00B88553 /* BaseRouter.swift in Sources */ = {isa = PBXBuildFile; fileRef = FC03DC3B28CF3BDD00B88553 /* BaseRouter.swift */; };
		FC03DC3E28CF3C0200B88553 /* BaseTableViewCell.swift in Sources */ = {isa = PBXBuildFile; fileRef = FC03DC3D28CF3C0200B88553 /* BaseTableViewCell.swift */; };
		FC03DC4028CF3C1E00B88553 /* PostList.swift in Sources */ = {isa = PBXBuildFile; fileRef = FC03DC3F28CF3C1E00B88553 /* PostList.swift */; };
		FC03DC4228CF3C9300B88553 /* PostListViewController.swift in Sources */ = {isa = PBXBuildFile; fileRef = FC03DC4128CF3C9300B88553 /* PostListViewController.swift */; };
		FC03DC4528CF3CCF00B88553 /* PostListCell.swift in Sources */ = {isa = PBXBuildFile; fileRef = FC03DC4328CF3CCF00B88553 /* PostListCell.swift */; };
		FC03DC4628CF3CCF00B88553 /* PostListCell.xib in Resources */ = {isa = PBXBuildFile; fileRef = FC03DC4428CF3CCF00B88553 /* PostListCell.xib */; };
		FC03DC4828CF3D1F00B88553 /* PostListViewPresenter.swift in Sources */ = {isa = PBXBuildFile; fileRef = FC03DC4728CF3D1F00B88553 /* PostListViewPresenter.swift */; };
		FC03DC4A28CF3D4F00B88553 /* DefaultPostListRouter.swift in Sources */ = {isa = PBXBuildFile; fileRef = FC03DC4928CF3D4F00B88553 /* DefaultPostListRouter.swift */; };
		FC03DC4C28CF3D7000B88553 /* DefaultPostListAssembly.swift in Sources */ = {isa = PBXBuildFile; fileRef = FC03DC4B28CF3D7000B88553 /* DefaultPostListAssembly.swift */; };
		FC03DC4E28CF3D8F00B88553 /* PostListAPIService.swift in Sources */ = {isa = PBXBuildFile; fileRef = FC03DC4D28CF3D8F00B88553 /* PostListAPIService.swift */; };
		FC03DC6128CF652300B88553 /* String+Extension.swift in Sources */ = {isa = PBXBuildFile; fileRef = FC03DC6028CF652300B88553 /* String+Extension.swift */; };
		FC03DC7728D06F5100B88553 /* Post.swift in Sources */ = {isa = PBXBuildFile; fileRef = FC03DC7628D06F5100B88553 /* Post.swift */; };
		FC03DC7928D06F8300B88553 /* PostDetailsViewPresenter.swift in Sources */ = {isa = PBXBuildFile; fileRef = FC03DC7828D06F8300B88553 /* PostDetailsViewPresenter.swift */; };
		FC03DC7B28D0701F00B88553 /* PostDetailsViewController.swift in Sources */ = {isa = PBXBuildFile; fileRef = FC03DC7A28D0701F00B88553 /* PostDetailsViewController.swift */; };
		FC03DC7D28D0710300B88553 /* DefaultPostDetailsRouter.swift in Sources */ = {isa = PBXBuildFile; fileRef = FC03DC7C28D0710300B88553 /* DefaultPostDetailsRouter.swift */; };
		FC03DC7F28D0711E00B88553 /* PostDetailsAPIService.swift in Sources */ = {isa = PBXBuildFile; fileRef = FC03DC7E28D0711E00B88553 /* PostDetailsAPIService.swift */; };
		FC03DC8128D0713400B88553 /* DefaultPostDetailsAssembly.swift in Sources */ = {isa = PBXBuildFile; fileRef = FC03DC8028D0713400B88553 /* DefaultPostDetailsAssembly.swift */; };
		FC03DC8328D0716800B88553 /* UIImageView+Extension.swift in Sources */ = {isa = PBXBuildFile; fileRef = FC03DC8228D0716800B88553 /* UIImageView+Extension.swift */; };
		FC03DC8628D0719D00B88553 /* Kingfisher in Frameworks */ = {isa = PBXBuildFile; productRef = FC03DC8528D0719D00B88553 /* Kingfisher */; };
		FC60226C28CF38E70073ED85 /* AppDelegate.swift in Sources */ = {isa = PBXBuildFile; fileRef = FC60226B28CF38E70073ED85 /* AppDelegate.swift */; };
		FC60226E28CF38E70073ED85 /* SceneDelegate.swift in Sources */ = {isa = PBXBuildFile; fileRef = FC60226D28CF38E70073ED85 /* SceneDelegate.swift */; };
		FC60227328CF38E70073ED85 /* Main.storyboard in Resources */ = {isa = PBXBuildFile; fileRef = FC60227128CF38E70073ED85 /* Main.storyboard */; };
		FC60227528CF38E90073ED85 /* Assets.xcassets in Resources */ = {isa = PBXBuildFile; fileRef = FC60227428CF38E90073ED85 /* Assets.xcassets */; };
		FC60227828CF38E90073ED85 /* LaunchScreen.storyboard in Resources */ = {isa = PBXBuildFile; fileRef = FC60227628CF38E90073ED85 /* LaunchScreen.storyboard */; };
		FC60228628CF399A0073ED85 /* EndPoint.swift in Sources */ = {isa = PBXBuildFile; fileRef = FC60228528CF399A0073ED85 /* EndPoint.swift */; };
		FC60228828CF399E0073ED85 /* NetworkError.swift in Sources */ = {isa = PBXBuildFile; fileRef = FC60228728CF399E0073ED85 /* NetworkError.swift */; };
		FC60228A28CF39A00073ED85 /* BaseNetworkService.swift in Sources */ = {isa = PBXBuildFile; fileRef = FC60228928CF39A00073ED85 /* BaseNetworkService.swift */; };
		FC60228C28CF3A120073ED85 /* TableCellDequeueable.swift in Sources */ = {isa = PBXBuildFile; fileRef = FC60228B28CF3A120073ED85 /* TableCellDequeueable.swift */; };
		FC60228E28CF3A150073ED85 /* TableCellRegistable.swift in Sources */ = {isa = PBXBuildFile; fileRef = FC60228D28CF3A150073ED85 /* TableCellRegistable.swift */; };
		FC60229028CF3A180073ED85 /* CellIdentifying.swift in Sources */ = {isa = PBXBuildFile; fileRef = FC60228F28CF3A180073ED85 /* CellIdentifying.swift */; };
		FC60229228CF3A6F0073ED85 /* UIViewController+Extension.swift in Sources */ = {isa = PBXBuildFile; fileRef = FC60229128CF3A6F0073ED85 /* UIViewController+Extension.swift */; };
/* End PBXBuildFile section */

/* Begin PBXFileReference section */
		FC03DC3328CF3ADE00B88553 /* UINavigationController+Extension.swift */ = {isa = PBXFileReference; lastKnownFileType = sourcecode.swift; path = "UINavigationController+Extension.swift"; sourceTree = "<group>"; };
		FC03DC3528CF3AEB00B88553 /* Date+Extension.swift */ = {isa = PBXFileReference; lastKnownFileType = sourcecode.swift; path = "Date+Extension.swift"; sourceTree = "<group>"; };
		FC03DC3B28CF3BDD00B88553 /* BaseRouter.swift */ = {isa = PBXFileReference; lastKnownFileType = sourcecode.swift; path = BaseRouter.swift; sourceTree = "<group>"; };
		FC03DC3D28CF3C0200B88553 /* BaseTableViewCell.swift */ = {isa = PBXFileReference; lastKnownFileType = sourcecode.swift; path = BaseTableViewCell.swift; sourceTree = "<group>"; };
		FC03DC3F28CF3C1E00B88553 /* PostList.swift */ = {isa = PBXFileReference; lastKnownFileType = sourcecode.swift; path = PostList.swift; sourceTree = "<group>"; };
		FC03DC4128CF3C9300B88553 /* PostListViewController.swift */ = {isa = PBXFileReference; lastKnownFileType = sourcecode.swift; path = PostListViewController.swift; sourceTree = "<group>"; };
		FC03DC4328CF3CCF00B88553 /* PostListCell.swift */ = {isa = PBXFileReference; lastKnownFileType = sourcecode.swift; path = PostListCell.swift; sourceTree = "<group>"; };
		FC03DC4428CF3CCF00B88553 /* PostListCell.xib */ = {isa = PBXFileReference; lastKnownFileType = file.xib; path = PostListCell.xib; sourceTree = "<group>"; };
		FC03DC4728CF3D1F00B88553 /* PostListViewPresenter.swift */ = {isa = PBXFileReference; lastKnownFileType = sourcecode.swift; path = PostListViewPresenter.swift; sourceTree = "<group>"; };
		FC03DC4928CF3D4F00B88553 /* DefaultPostListRouter.swift */ = {isa = PBXFileReference; lastKnownFileType = sourcecode.swift; path = DefaultPostListRouter.swift; sourceTree = "<group>"; };
		FC03DC4B28CF3D7000B88553 /* DefaultPostListAssembly.swift */ = {isa = PBXFileReference; lastKnownFileType = sourcecode.swift; path = DefaultPostListAssembly.swift; sourceTree = "<group>"; };
		FC03DC4D28CF3D8F00B88553 /* PostListAPIService.swift */ = {isa = PBXFileReference; lastKnownFileType = sourcecode.swift; path = PostListAPIService.swift; sourceTree = "<group>"; };
		FC03DC6028CF652300B88553 /* String+Extension.swift */ = {isa = PBXFileReference; lastKnownFileType = sourcecode.swift; path = "String+Extension.swift"; sourceTree = "<group>"; };
		FC03DC7628D06F5100B88553 /* Post.swift */ = {isa = PBXFileReference; lastKnownFileType = sourcecode.swift; path = Post.swift; sourceTree = "<group>"; };
		FC03DC7828D06F8300B88553 /* PostDetailsViewPresenter.swift */ = {isa = PBXFileReference; lastKnownFileType = sourcecode.swift; path = PostDetailsViewPresenter.swift; sourceTree = "<group>"; };
		FC03DC7A28D0701F00B88553 /* PostDetailsViewController.swift */ = {isa = PBXFileReference; lastKnownFileType = sourcecode.swift; path = PostDetailsViewController.swift; sourceTree = "<group>"; };
		FC03DC7C28D0710300B88553 /* DefaultPostDetailsRouter.swift */ = {isa = PBXFileReference; lastKnownFileType = sourcecode.swift; path = DefaultPostDetailsRouter.swift; sourceTree = "<group>"; };
		FC03DC7E28D0711E00B88553 /* PostDetailsAPIService.swift */ = {isa = PBXFileReference; lastKnownFileType = sourcecode.swift; path = PostDetailsAPIService.swift; sourceTree = "<group>"; };
		FC03DC8028D0713400B88553 /* DefaultPostDetailsAssembly.swift */ = {isa = PBXFileReference; lastKnownFileType = sourcecode.swift; path = DefaultPostDetailsAssembly.swift; sourceTree = "<group>"; };
		FC03DC8228D0716800B88553 /* UIImageView+Extension.swift */ = {isa = PBXFileReference; lastKnownFileType = sourcecode.swift; path = "UIImageView+Extension.swift"; sourceTree = "<group>"; };
		FC60226828CF38E70073ED85 /* Posts.app */ = {isa = PBXFileReference; explicitFileType = wrapper.application; includeInIndex = 0; path = Posts.app; sourceTree = BUILT_PRODUCTS_DIR; };
		FC60226B28CF38E70073ED85 /* AppDelegate.swift */ = {isa = PBXFileReference; lastKnownFileType = sourcecode.swift; path = AppDelegate.swift; sourceTree = "<group>"; };
		FC60226D28CF38E70073ED85 /* SceneDelegate.swift */ = {isa = PBXFileReference; lastKnownFileType = sourcecode.swift; path = SceneDelegate.swift; sourceTree = "<group>"; };
		FC60227228CF38E70073ED85 /* Base */ = {isa = PBXFileReference; lastKnownFileType = file.storyboard; name = Base; path = Base.lproj/Main.storyboard; sourceTree = "<group>"; };
		FC60227428CF38E90073ED85 /* Assets.xcassets */ = {isa = PBXFileReference; lastKnownFileType = folder.assetcatalog; path = Assets.xcassets; sourceTree = "<group>"; };
		FC60227728CF38E90073ED85 /* Base */ = {isa = PBXFileReference; lastKnownFileType = file.storyboard; name = Base; path = Base.lproj/LaunchScreen.storyboard; sourceTree = "<group>"; };
		FC60227928CF38E90073ED85 /* Info.plist */ = {isa = PBXFileReference; lastKnownFileType = text.plist.xml; path = Info.plist; sourceTree = "<group>"; };
		FC60228528CF399A0073ED85 /* EndPoint.swift */ = {isa = PBXFileReference; lastKnownFileType = sourcecode.swift; path = EndPoint.swift; sourceTree = "<group>"; };
		FC60228728CF399E0073ED85 /* NetworkError.swift */ = {isa = PBXFileReference; lastKnownFileType = sourcecode.swift; path = NetworkError.swift; sourceTree = "<group>"; };
		FC60228928CF39A00073ED85 /* BaseNetworkService.swift */ = {isa = PBXFileReference; lastKnownFileType = sourcecode.swift; path = BaseNetworkService.swift; sourceTree = "<group>"; };
		FC60228B28CF3A120073ED85 /* TableCellDequeueable.swift */ = {isa = PBXFileReference; lastKnownFileType = sourcecode.swift; path = TableCellDequeueable.swift; sourceTree = "<group>"; };
		FC60228D28CF3A150073ED85 /* TableCellRegistable.swift */ = {isa = PBXFileReference; lastKnownFileType = sourcecode.swift; path = TableCellRegistable.swift; sourceTree = "<group>"; };
		FC60228F28CF3A180073ED85 /* CellIdentifying.swift */ = {isa = PBXFileReference; lastKnownFileType = sourcecode.swift; path = CellIdentifying.swift; sourceTree = "<group>"; };
		FC60229128CF3A6F0073ED85 /* UIViewController+Extension.swift */ = {isa = PBXFileReference; lastKnownFileType = sourcecode.swift; name = "UIViewController+Extension.swift"; path = "Posts/Protocols/UIViewController+Extension.swift"; sourceTree = SOURCE_ROOT; };
/* End PBXFileReference section */

/* Begin PBXFrameworksBuildPhase section */
		FC60226528CF38E70073ED85 /* Frameworks */ = {
			isa = PBXFrameworksBuildPhase;
			buildActionMask = 2147483647;
			files = (
				FC03DC8628D0719D00B88553 /* Kingfisher in Frameworks */,
			);
			runOnlyForDeploymentPostprocessing = 0;
		};
/* End PBXFrameworksBuildPhase section */

/* Begin PBXGroup section */
		FC03DC3728CF3BA700B88553 /* List */ = {
			isa = PBXGroup;
			children = (
				FC03DC3A28CF3BBF00B88553 /* Model */,
				FC03DC3928CF3BB900B88553 /* View */,
				FC03DC3828CF3BB000B88553 /* Presenter */,
				FC03DC4928CF3D4F00B88553 /* DefaultPostListRouter.swift */,
				FC03DC4B28CF3D7000B88553 /* DefaultPostListAssembly.swift */,
				FC03DC4D28CF3D8F00B88553 /* PostListAPIService.swift */,
			);
			path = List;
			sourceTree = "<group>";
		};
		FC03DC3828CF3BB000B88553 /* Presenter */ = {
			isa = PBXGroup;
			children = (
				FC03DC4728CF3D1F00B88553 /* PostListViewPresenter.swift */,
			);
			path = Presenter;
			sourceTree = "<group>";
		};
		FC03DC3928CF3BB900B88553 /* View */ = {
			isa = PBXGroup;
			children = (
				FC03DC4128CF3C9300B88553 /* PostListViewController.swift */,
				FC03DC4328CF3CCF00B88553 /* PostListCell.swift */,
				FC03DC4428CF3CCF00B88553 /* PostListCell.xib */,
				FC60227128CF38E70073ED85 /* Main.storyboard */,
			);
			path = View;
			sourceTree = "<group>";
		};
		FC03DC3A28CF3BBF00B88553 /* Model */ = {
			isa = PBXGroup;
			children = (
				FC03DC3F28CF3C1E00B88553 /* PostList.swift */,
			);
			path = Model;
			sourceTree = "<group>";
		};
		FC03DC5128CF411D00B88553 /* App */ = {
			isa = PBXGroup;
			children = (
				FC60226B28CF38E70073ED85 /* AppDelegate.swift */,
				FC60226D28CF38E70073ED85 /* SceneDelegate.swift */,
			);
			path = App;
			sourceTree = "<group>";
		};
		FC03DC5228CF412800B88553 /* SupportFiles */ = {
			isa = PBXGroup;
			children = (
				FC60227428CF38E90073ED85 /* Assets.xcassets */,
				FC60227628CF38E90073ED85 /* LaunchScreen.storyboard */,
			);
			path = SupportFiles;
			sourceTree = "<group>";
		};
		FC03DC7228D06F0200B88553 /* Details */ = {
			isa = PBXGroup;
			children = (
				FC03DC7528D06F1E00B88553 /* Model */,
				FC03DC7428D06F1700B88553 /* View */,
				FC03DC7328D06F0E00B88553 /* Presenter */,
				FC03DC7C28D0710300B88553 /* DefaultPostDetailsRouter.swift */,
				FC03DC8028D0713400B88553 /* DefaultPostDetailsAssembly.swift */,
				FC03DC7E28D0711E00B88553 /* PostDetailsAPIService.swift */,
			);
			path = Details;
			sourceTree = "<group>";
		};
		FC03DC7328D06F0E00B88553 /* Presenter */ = {
			isa = PBXGroup;
			children = (
				FC03DC7828D06F8300B88553 /* PostDetailsViewPresenter.swift */,
			);
			path = Presenter;
			sourceTree = "<group>";
		};
		FC03DC7428D06F1700B88553 /* View */ = {
			isa = PBXGroup;
			children = (
				FC03DC7A28D0701F00B88553 /* PostDetailsViewController.swift */,
			);
			path = View;
			sourceTree = "<group>";
		};
		FC03DC7528D06F1E00B88553 /* Model */ = {
			isa = PBXGroup;
			children = (
				FC03DC7628D06F5100B88553 /* Post.swift */,
			);
			path = Model;
			sourceTree = "<group>";
		};
		FC60225F28CF38E70073ED85 = {
			isa = PBXGroup;
			children = (
				FC60226A28CF38E70073ED85 /* Posts */,
				FC60226928CF38E70073ED85 /* Products */,
			);
			sourceTree = "<group>";
		};
		FC60226928CF38E70073ED85 /* Products */ = {
			isa = PBXGroup;
			children = (
				FC60226828CF38E70073ED85 /* Posts.app */,
			);
			name = Products;
			sourceTree = "<group>";
		};
		FC60226A28CF38E70073ED85 /* Posts */ = {
			isa = PBXGroup;
			children = (
				FC03DC5228CF412800B88553 /* SupportFiles */,
				FC03DC5128CF411D00B88553 /* App */,
				FC60227F28CF391B0073ED85 /* BaseServices */,
				FC60228428CF397E0073ED85 /* Protocols */,
				FC60228228CF392E0073ED85 /* Extensions */,
				FC60228028CF392A0073ED85 /* Modules */,
				FC60227928CF38E90073ED85 /* Info.plist */,
			);
			path = Posts;
			sourceTree = "<group>";
		};
		FC60227F28CF391B0073ED85 /* BaseServices */ = {
			isa = PBXGroup;
			children = (
				FC03DC3D28CF3C0200B88553 /* BaseTableViewCell.swift */,
				FC03DC3B28CF3BDD00B88553 /* BaseRouter.swift */,
				FC60228728CF399E0073ED85 /* NetworkError.swift */,
				FC60228928CF39A00073ED85 /* BaseNetworkService.swift */,
				FC60228528CF399A0073ED85 /* EndPoint.swift */,
			);
			path = BaseServices;
			sourceTree = "<group>";
		};
		FC60228028CF392A0073ED85 /* Modules */ = {
			isa = PBXGroup;
			children = (
				FC03DC3728CF3BA700B88553 /* List */,
				FC03DC7228D06F0200B88553 /* Details */,
			);
			path = Modules;
			sourceTree = "<group>";
		};
		FC60228228CF392E0073ED85 /* Extensions */ = {
			isa = PBXGroup;
			children = (
				FC60229128CF3A6F0073ED85 /* UIViewController+Extension.swift */,
				FC03DC3328CF3ADE00B88553 /* UINavigationController+Extension.swift */,
				FC03DC3528CF3AEB00B88553 /* Date+Extension.swift */,
				FC03DC6028CF652300B88553 /* String+Extension.swift */,
				FC03DC8228D0716800B88553 /* UIImageView+Extension.swift */,
			);
			name = Extensions;
			path = Modules/Extensions;
			sourceTree = "<group>";
		};
		FC60228428CF397E0073ED85 /* Protocols */ = {
			isa = PBXGroup;
			children = (
				FC60228F28CF3A180073ED85 /* CellIdentifying.swift */,
				FC60228D28CF3A150073ED85 /* TableCellRegistable.swift */,
				FC60228B28CF3A120073ED85 /* TableCellDequeueable.swift */,
			);
			path = Protocols;
			sourceTree = "<group>";
		};
/* End PBXGroup section */

/* Begin PBXNativeTarget section */
		FC60226728CF38E70073ED85 /* Posts */ = {
			isa = PBXNativeTarget;
			buildConfigurationList = FC60227C28CF38E90073ED85 /* Build configuration list for PBXNativeTarget "Posts" */;
			buildPhases = (
				FC60226428CF38E70073ED85 /* Sources */,
				FC60226528CF38E70073ED85 /* Frameworks */,
				FC60226628CF38E70073ED85 /* Resources */,
			);
			buildRules = (
			);
			dependencies = (
			);
			name = Posts;
			packageProductDependencies = (
				FC03DC8528D0719D00B88553 /* Kingfisher */,
			);
			productName = Posts;
			productReference = FC60226828CF38E70073ED85 /* Posts.app */;
			productType = "com.apple.product-type.application";
		};
/* End PBXNativeTarget section */

/* Begin PBXProject section */
		FC60226028CF38E70073ED85 /* Project object */ = {
			isa = PBXProject;
			attributes = {
				BuildIndependentTargetsInParallel = 1;
				LastSwiftUpdateCheck = 1340;
				LastUpgradeCheck = 1340;
				TargetAttributes = {
					FC60226728CF38E70073ED85 = {
						CreatedOnToolsVersion = 13.4.1;
					};
				};
			};
			buildConfigurationList = FC60226328CF38E70073ED85 /* Build configuration list for PBXProject "Posts" */;
			compatibilityVersion = "Xcode 13.0";
			developmentRegion = en;
			hasScannedForEncodings = 0;
			knownRegions = (
				en,
				Base,
			);
			mainGroup = FC60225F28CF38E70073ED85;
			packageReferences = (
				FC03DC8428D0719D00B88553 /* XCRemoteSwiftPackageReference "Kingfisher" */,
			);
			productRefGroup = FC60226928CF38E70073ED85 /* Products */;
			projectDirPath = "";
			projectRoot = "";
			targets = (
				FC60226728CF38E70073ED85 /* Posts */,
			);
		};
/* End PBXProject section */

/* Begin PBXResourcesBuildPhase section */
		FC60226628CF38E70073ED85 /* Resources */ = {
			isa = PBXResourcesBuildPhase;
			buildActionMask = 2147483647;
			files = (
				FC60227828CF38E90073ED85 /* LaunchScreen.storyboard in Resources */,
				FC60227528CF38E90073ED85 /* Assets.xcassets in Resources */,
				FC60227328CF38E70073ED85 /* Main.storyboard in Resources */,
				FC03DC4628CF3CCF00B88553 /* PostListCell.xib in Resources */,
			);
			runOnlyForDeploymentPostprocessing = 0;
		};
/* End PBXResourcesBuildPhase section */

/* Begin PBXSourcesBuildPhase section */
		FC60226428CF38E70073ED85 /* Sources */ = {
			isa = PBXSourcesBuildPhase;
			buildActionMask = 2147483647;
			files = (
				FC03DC7728D06F5100B88553 /* Post.swift in Sources */,
				FC03DC4028CF3C1E00B88553 /* PostList.swift in Sources */,
				FC03DC8328D0716800B88553 /* UIImageView+Extension.swift in Sources */,
				FC03DC6128CF652300B88553 /* String+Extension.swift in Sources */,
				FC03DC3C28CF3BDD00B88553 /* BaseRouter.swift in Sources */,
				FC03DC4C28CF3D7000B88553 /* DefaultPostListAssembly.swift in Sources */,
				FC03DC7D28D0710300B88553 /* DefaultPostDetailsRouter.swift in Sources */,
				FC60228628CF399A0073ED85 /* EndPoint.swift in Sources */,
				FC03DC3428CF3ADE00B88553 /* UINavigationController+Extension.swift in Sources */,
				FC03DC4A28CF3D4F00B88553 /* DefaultPostListRouter.swift in Sources */,
				FC03DC4828CF3D1F00B88553 /* PostListViewPresenter.swift in Sources */,
				FC03DC4E28CF3D8F00B88553 /* PostListAPIService.swift in Sources */,
				FC03DC3E28CF3C0200B88553 /* BaseTableViewCell.swift in Sources */,
				FC60228C28CF3A120073ED85 /* TableCellDequeueable.swift in Sources */,
				FC60226C28CF38E70073ED85 /* AppDelegate.swift in Sources */,
				FC03DC4228CF3C9300B88553 /* PostListViewController.swift in Sources */,
				FC03DC3628CF3AEB00B88553 /* Date+Extension.swift in Sources */,
				FC60228A28CF39A00073ED85 /* BaseNetworkService.swift in Sources */,
				FC03DC4528CF3CCF00B88553 /* PostListCell.swift in Sources */,
				FC60229228CF3A6F0073ED85 /* UIViewController+Extension.swift in Sources */,
				FC60228E28CF3A150073ED85 /* TableCellRegistable.swift in Sources */,
				FC60229028CF3A180073ED85 /* CellIdentifying.swift in Sources */,
				FC03DC7F28D0711E00B88553 /* PostDetailsAPIService.swift in Sources */,
				FC60226E28CF38E70073ED85 /* SceneDelegate.swift in Sources */,
				FC03DC7B28D0701F00B88553 /* PostDetailsViewController.swift in Sources */,
				FC60228828CF399E0073ED85 /* NetworkError.swift in Sources */,
				FC03DC8128D0713400B88553 /* DefaultPostDetailsAssembly.swift in Sources */,
				FC03DC7928D06F8300B88553 /* PostDetailsViewPresenter.swift in Sources */,
			);
			runOnlyForDeploymentPostprocessing = 0;
		};
/* End PBXSourcesBuildPhase section */

/* Begin PBXVariantGroup section */
		FC60227128CF38E70073ED85 /* Main.storyboard */ = {
			isa = PBXVariantGroup;
			children = (
				FC60227228CF38E70073ED85 /* Base */,
			);
			name = Main.storyboard;
			sourceTree = "<group>";
		};
		FC60227628CF38E90073ED85 /* LaunchScreen.storyboard */ = {
			isa = PBXVariantGroup;
			children = (
				FC60227728CF38E90073ED85 /* Base */,
			);
			name = LaunchScreen.storyboard;
			sourceTree = "<group>";
		};
/* End PBXVariantGroup section */

/* Begin XCBuildConfiguration section */
		FC60227A28CF38E90073ED85 /* Debug */ = {
			isa = XCBuildConfiguration;
			buildSettings = {
				ALWAYS_SEARCH_USER_PATHS = NO;
				CLANG_ANALYZER_NONNULL = YES;
				CLANG_ANALYZER_NUMBER_OBJECT_CONVERSION = YES_AGGRESSIVE;
				CLANG_CXX_LANGUAGE_STANDARD = "gnu++17";
				CLANG_ENABLE_MODULES = YES;
				CLANG_ENABLE_OBJC_ARC = YES;
				CLANG_ENABLE_OBJC_WEAK = YES;
				CLANG_WARN_BLOCK_CAPTURE_AUTORELEASING = YES;
				CLANG_WARN_BOOL_CONVERSION = YES;
				CLANG_WARN_COMMA = YES;
				CLANG_WARN_CONSTANT_CONVERSION = YES;
				CLANG_WARN_DEPRECATED_OBJC_IMPLEMENTATIONS = YES;
				CLANG_WARN_DIRECT_OBJC_ISA_USAGE = YES_ERROR;
				CLANG_WARN_DOCUMENTATION_COMMENTS = YES;
				CLANG_WARN_EMPTY_BODY = YES;
				CLANG_WARN_ENUM_CONVERSION = YES;
				CLANG_WARN_INFINITE_RECURSION = YES;
				CLANG_WARN_INT_CONVERSION = YES;
				CLANG_WARN_NON_LITERAL_NULL_CONVERSION = YES;
				CLANG_WARN_OBJC_IMPLICIT_RETAIN_SELF = YES;
				CLANG_WARN_OBJC_LITERAL_CONVERSION = YES;
				CLANG_WARN_OBJC_ROOT_CLASS = YES_ERROR;
				CLANG_WARN_QUOTED_INCLUDE_IN_FRAMEWORK_HEADER = YES;
				CLANG_WARN_RANGE_LOOP_ANALYSIS = YES;
				CLANG_WARN_STRICT_PROTOTYPES = YES;
				CLANG_WARN_SUSPICIOUS_MOVE = YES;
				CLANG_WARN_UNGUARDED_AVAILABILITY = YES_AGGRESSIVE;
				CLANG_WARN_UNREACHABLE_CODE = YES;
				CLANG_WARN__DUPLICATE_METHOD_MATCH = YES;
				COPY_PHASE_STRIP = NO;
				DEBUG_INFORMATION_FORMAT = dwarf;
				ENABLE_STRICT_OBJC_MSGSEND = YES;
				ENABLE_TESTABILITY = YES;
				GCC_C_LANGUAGE_STANDARD = gnu11;
				GCC_DYNAMIC_NO_PIC = NO;
				GCC_NO_COMMON_BLOCKS = YES;
				GCC_OPTIMIZATION_LEVEL = 0;
				GCC_PREPROCESSOR_DEFINITIONS = (
					"DEBUG=1",
					"$(inherited)",
				);
				GCC_WARN_64_TO_32_BIT_CONVERSION = YES;
				GCC_WARN_ABOUT_RETURN_TYPE = YES_ERROR;
				GCC_WARN_UNDECLARED_SELECTOR = YES;
				GCC_WARN_UNINITIALIZED_AUTOS = YES_AGGRESSIVE;
				GCC_WARN_UNUSED_FUNCTION = YES;
				GCC_WARN_UNUSED_VARIABLE = YES;
				IPHONEOS_DEPLOYMENT_TARGET = 14.0;
				MTL_ENABLE_DEBUG_INFO = INCLUDE_SOURCE;
				MTL_FAST_MATH = YES;
				ONLY_ACTIVE_ARCH = YES;
				SDKROOT = iphoneos;
				SWIFT_ACTIVE_COMPILATION_CONDITIONS = DEBUG;
				SWIFT_OPTIMIZATION_LEVEL = "-Onone";
			};
			name = Debug;
		};
		FC60227B28CF38E90073ED85 /* Release */ = {
			isa = XCBuildConfiguration;
			buildSettings = {
				ALWAYS_SEARCH_USER_PATHS = NO;
				CLANG_ANALYZER_NONNULL = YES;
				CLANG_ANALYZER_NUMBER_OBJECT_CONVERSION = YES_AGGRESSIVE;
				CLANG_CXX_LANGUAGE_STANDARD = "gnu++17";
				CLANG_ENABLE_MODULES = YES;
				CLANG_ENABLE_OBJC_ARC = YES;
				CLANG_ENABLE_OBJC_WEAK = YES;
				CLANG_WARN_BLOCK_CAPTURE_AUTORELEASING = YES;
				CLANG_WARN_BOOL_CONVERSION = YES;
				CLANG_WARN_COMMA = YES;
				CLANG_WARN_CONSTANT_CONVERSION = YES;
				CLANG_WARN_DEPRECATED_OBJC_IMPLEMENTATIONS = YES;
				CLANG_WARN_DIRECT_OBJC_ISA_USAGE = YES_ERROR;
				CLANG_WARN_DOCUMENTATION_COMMENTS = YES;
				CLANG_WARN_EMPTY_BODY = YES;
				CLANG_WARN_ENUM_CONVERSION = YES;
				CLANG_WARN_INFINITE_RECURSION = YES;
				CLANG_WARN_INT_CONVERSION = YES;
				CLANG_WARN_NON_LITERAL_NULL_CONVERSION = YES;
				CLANG_WARN_OBJC_IMPLICIT_RETAIN_SELF = YES;
				CLANG_WARN_OBJC_LITERAL_CONVERSION = YES;
				CLANG_WARN_OBJC_ROOT_CLASS = YES_ERROR;
				CLANG_WARN_QUOTED_INCLUDE_IN_FRAMEWORK_HEADER = YES;
				CLANG_WARN_RANGE_LOOP_ANALYSIS = YES;
				CLANG_WARN_STRICT_PROTOTYPES = YES;
				CLANG_WARN_SUSPICIOUS_MOVE = YES;
				CLANG_WARN_UNGUARDED_AVAILABILITY = YES_AGGRESSIVE;
				CLANG_WARN_UNREACHABLE_CODE = YES;
				CLANG_WARN__DUPLICATE_METHOD_MATCH = YES;
				COPY_PHASE_STRIP = NO;
				DEBUG_INFORMATION_FORMAT = "dwarf-with-dsym";
				ENABLE_NS_ASSERTIONS = NO;
				ENABLE_STRICT_OBJC_MSGSEND = YES;
				GCC_C_LANGUAGE_STANDARD = gnu11;
				GCC_NO_COMMON_BLOCKS = YES;
				GCC_WARN_64_TO_32_BIT_CONVERSION = YES;
				GCC_WARN_ABOUT_RETURN_TYPE = YES_ERROR;
				GCC_WARN_UNDECLARED_SELECTOR = YES;
				GCC_WARN_UNINITIALIZED_AUTOS = YES_AGGRESSIVE;
				GCC_WARN_UNUSED_FUNCTION = YES;
				GCC_WARN_UNUSED_VARIABLE = YES;
				IPHONEOS_DEPLOYMENT_TARGET = 14.0;
				MTL_ENABLE_DEBUG_INFO = NO;
				MTL_FAST_MATH = YES;
				SDKROOT = iphoneos;
				SWIFT_COMPILATION_MODE = wholemodule;
				SWIFT_OPTIMIZATION_LEVEL = "-O";
				VALIDATE_PRODUCT = YES;
			};
			name = Release;
		};
		FC60227D28CF38E90073ED85 /* Debug */ = {
			isa = XCBuildConfiguration;
			buildSettings = {
				ASSETCATALOG_COMPILER_APPICON_NAME = AppIcon;
				ASSETCATALOG_COMPILER_GLOBAL_ACCENT_COLOR_NAME = AccentColor;
				CODE_SIGN_STYLE = Automatic;
				CURRENT_PROJECT_VERSION = 1;
				DEVELOPMENT_TEAM = C5PN73MFP3;
				GENERATE_INFOPLIST_FILE = YES;
				INFOPLIST_FILE = Posts/Info.plist;
				INFOPLIST_KEY_UIApplicationSupportsIndirectInputEvents = YES;
				INFOPLIST_KEY_UILaunchStoryboardName = LaunchScreen;
				INFOPLIST_KEY_UIMainStoryboardFile = Main;
				INFOPLIST_KEY_UISupportedInterfaceOrientations = UIInterfaceOrientationPortrait;
				INFOPLIST_KEY_UISupportedInterfaceOrientations_iPad = "UIInterfaceOrientationPortrait UIInterfaceOrientationPortraitUpsideDown UIInterfaceOrientationLandscapeLeft UIInterfaceOrientationLandscapeRight";
				INFOPLIST_KEY_UISupportedInterfaceOrientations_iPhone = "UIInterfaceOrientationPortrait UIInterfaceOrientationLandscapeLeft UIInterfaceOrientationLandscapeRight";
				LD_RUNPATH_SEARCH_PATHS = (
					"$(inherited)",
					"@executable_path/Frameworks",
				);
				MARKETING_VERSION = 1.0;
				PRODUCT_BUNDLE_IDENTIFIER = com.IM88.Posts;
				PRODUCT_NAME = "$(TARGET_NAME)";
				SWIFT_EMIT_LOC_STRINGS = YES;
				SWIFT_VERSION = 5.0;
				TARGETED_DEVICE_FAMILY = "1,2";
			};
			name = Debug;
		};
		FC60227E28CF38E90073ED85 /* Release */ = {
			isa = XCBuildConfiguration;
			buildSettings = {
				ASSETCATALOG_COMPILER_APPICON_NAME = AppIcon;
				ASSETCATALOG_COMPILER_GLOBAL_ACCENT_COLOR_NAME = AccentColor;
				CODE_SIGN_STYLE = Automatic;
				CURRENT_PROJECT_VERSION = 1;
				DEVELOPMENT_TEAM = C5PN73MFP3;
				GENERATE_INFOPLIST_FILE = YES;
				INFOPLIST_FILE = Posts/Info.plist;
				INFOPLIST_KEY_UIApplicationSupportsIndirectInputEvents = YES;
				INFOPLIST_KEY_UILaunchStoryboardName = LaunchScreen;
				INFOPLIST_KEY_UIMainStoryboardFile = Main;
				INFOPLIST_KEY_UISupportedInterfaceOrientations = UIInterfaceOrientationPortrait;
				INFOPLIST_KEY_UISupportedInterfaceOrientations_iPad = "UIInterfaceOrientationPortrait UIInterfaceOrientationPortraitUpsideDown UIInterfaceOrientationLandscapeLeft UIInterfaceOrientationLandscapeRight";
				INFOPLIST_KEY_UISupportedInterfaceOrientations_iPhone = "UIInterfaceOrientationPortrait UIInterfaceOrientationLandscapeLeft UIInterfaceOrientationLandscapeRight";
				LD_RUNPATH_SEARCH_PATHS = (
					"$(inherited)",
					"@executable_path/Frameworks",
				);
				MARKETING_VERSION = 1.0;
				PRODUCT_BUNDLE_IDENTIFIER = com.IM88.Posts;
				PRODUCT_NAME = "$(TARGET_NAME)";
				SWIFT_EMIT_LOC_STRINGS = YES;
				SWIFT_VERSION = 5.0;
				TARGETED_DEVICE_FAMILY = "1,2";
			};
			name = Release;
		};
/* End XCBuildConfiguration section */

/* Begin XCConfigurationList section */
		FC60226328CF38E70073ED85 /* Build configuration list for PBXProject "Posts" */ = {
			isa = XCConfigurationList;
			buildConfigurations = (
				FC60227A28CF38E90073ED85 /* Debug */,
				FC60227B28CF38E90073ED85 /* Release */,
			);
			defaultConfigurationIsVisible = 0;
			defaultConfigurationName = Release;
		};
		FC60227C28CF38E90073ED85 /* Build configuration list for PBXNativeTarget "Posts" */ = {
			isa = XCConfigurationList;
			buildConfigurations = (
				FC60227D28CF38E90073ED85 /* Debug */,
				FC60227E28CF38E90073ED85 /* Release */,
			);
			defaultConfigurationIsVisible = 0;
			defaultConfigurationName = Release;
		};
/* End XCConfigurationList section */

/* Begin XCRemoteSwiftPackageReference section */
		FC03DC8428D0719D00B88553 /* XCRemoteSwiftPackageReference "Kingfisher" */ = {
			isa = XCRemoteSwiftPackageReference;
			repositoryURL = "https://github.com/onevcat/Kingfisher.git";
			requirement = {
				kind = upToNextMajorVersion;
				minimumVersion = 7.0.0;
			};
		};
/* End XCRemoteSwiftPackageReference section */

/* Begin XCSwiftPackageProductDependency section */
		FC03DC8528D0719D00B88553 /* Kingfisher */ = {
			isa = XCSwiftPackageProductDependency;
			package = FC03DC8428D0719D00B88553 /* XCRemoteSwiftPackageReference "Kingfisher" */;
			productName = Kingfisher;
		};
/* End XCSwiftPackageProductDependency section */
	};
	rootObject = FC60226028CF38E70073ED85 /* Project object */;
}
